
Microsoft Visual Studio Solution File, Format Version 12.00
# Visual Studio Version 17
VisualStudioVersion = 17.1.32421.90
MinimumVisualStudioVersion = 10.0.40219.1
Project("{FAE04EC0-301F-11D3-BF4B-00C04F79EFBC}") = "Consol_Usesr1", "Consol_Usesr1.csproj", "{28A367F9-7D0A-4C4A-89A0-7C927D3C05D9}"
EndProject
Global
	GlobalSection(SolutionConfigurationPlatforms) = preSolution
		Debug|Any CPU = Debug|Any CPU
		Release|Any CPU = Release|Any CPU
	EndGlobalSection
	GlobalSection(ProjectConfigurationPlatforms) = postSolution
		{28A367F9-7D0A-4C4A-89A0-7C927D3C05D9}.Debug|Any CPU.ActiveCfg = Debug|Any CPU
		{28A367F9-7D0A-4C4A-89A0-7C927D3C05D9}.Debug|Any CPU.Build.0 = Debug|Any CPU
		{28A367F9-7D0A-4C4A-89A0-7C927D3C05D9}.Release|Any CPU.ActiveCfg = Release|Any CPU
		{28A367F9-7D0A-4C4A-89A0-7C927D3C05D9}.Release|Any CPU.Build.0 = Release|Any CPU
	EndGlobalSection
	GlobalSection(SolutionProperties) = preSolution
		HideSolutionNode = FALSE
	EndGlobalSection
	GlobalSection(ExtensibilityGlobals) = postSolution
		SolutionGuid = {73C952C8-456D-4E67-924D-EC3B5BE2476D}
	EndGlobalSection
EndGlobal
